
Microsoft Visual Studio Solution File, Format Version 12.00
# Visual Studio Version 17
VisualStudioVersion = 17.0.31903.59
MinimumVisualStudioVersion = 10.0.40219.1
Project("{9A19103F-16F7-4668-BE54-9A1E7A4F7556}") = "ToDoListWebApp", "ToDoListWebApp\ToDoListWebApp.csproj", "{6EACBB30-CF97-4027-A93D-D7E492AE6BD9}"
EndProject
Global
	GlobalSection(SolutionConfigurationPlatforms) = preSolution
		Debug|Any CPU = Debug|Any CPU
		Release|Any CPU = Release|Any CPU
	EndGlobalSection
	GlobalSection(ProjectConfigurationPlatforms) = postSolution
		{6EACBB30-CF97-4027-A93D-D7E492AE6BD9}.Debug|Any CPU.ActiveCfg = Debug|Any CPU
		{6EACBB30-CF97-4027-A93D-D7E492AE6BD9}.Debug|Any CPU.Build.0 = Debug|Any CPU
		{6EACBB30-CF97-4027-A93D-D7E492AE6BD9}.Release|Any CPU.ActiveCfg = Release|Any CPU
		{6EACBB30-CF97-4027-A93D-D7E492AE6BD9}.Release|Any CPU.Build.0 = Release|Any CPU
	EndGlobalSection
	GlobalSection(SolutionProperties) = preSolution
		HideSolutionNode = FALSE
	EndGlobalSection
	GlobalSection(ExtensibilityGlobals) = postSolution
		SolutionGuid = {3A8A7524-0A4F-4411-AE03-1F9F0E39F1BF}
	EndGlobalSection
EndGlobal
